
Microsoft Visual Studio Solution File, Format Version 12.00
# Visual Studio Version 17
VisualStudioVersion = 17.14.36414.22 d17.14
MinimumVisualStudioVersion = 10.0.40219.1
Project("{FAE04EC0-301F-11D3-BF4B-00C04F79EFBC}") = "DuncanCraft", "DuncanCraft.csproj", "{EC640603-D3AB-4A4D-BE81-83FB15CFBA91}"
EndProject
Global
	GlobalSection(SolutionConfigurationPlatforms) = preSolution
		Debug|Any CPU = Debug|Any CPU
		Release|Any CPU = Release|Any CPU
	EndGlobalSection
	GlobalSection(ProjectConfigurationPlatforms) = postSolution
		{EC640603-D3AB-4A4D-BE81-83FB15CFBA91}.Debug|Any CPU.ActiveCfg = Debug|Any CPU
		{EC640603-D3AB-4A4D-BE81-83FB15CFBA91}.Debug|Any CPU.Build.0 = Debug|Any CPU
		{EC640603-D3AB-4A4D-BE81-83FB15CFBA91}.Release|Any CPU.ActiveCfg = Release|Any CPU
		{EC640603-D3AB-4A4D-BE81-83FB15CFBA91}.Release|Any CPU.Build.0 = Release|Any CPU
	EndGlobalSection
	GlobalSection(SolutionProperties) = preSolution
		HideSolutionNode = FALSE
	EndGlobalSection
	GlobalSection(ExtensibilityGlobals) = postSolution
		SolutionGuid = {9E7C738F-E84F-4ECD-A2CA-DC2085ACB853}
	EndGlobalSection
EndGlobal
